
Microsoft Visual Studio Solution File, Format Version 12.00
# Visual Studio Version 16
VisualStudioVersion = 16.0.31112.23
MinimumVisualStudioVersion = 10.0.40219.1
Project("{8BC9CEB8-8B4A-11D0-8D11-00A0C91BC942}") = "ModifiedRBM", "ModifiedRBM\ModifiedRBM.vcxproj", "{89FB2ECD-EC39-46A9-80DF-44650DB6A23F}"
EndProject
Project("{8BC9CEB8-8B4A-11D0-8D11-00A0C91BC942}") = "Experiments", "Experiments\Experiments.vcxproj", "{7CF7142B-E17A-4FD8-886B-7BB4F02634E8}"
	ProjectSection(ProjectDependencies) = postProject
		{89FB2ECD-EC39-46A9-80DF-44650DB6A23F} = {89FB2ECD-EC39-46A9-80DF-44650DB6A23F}
	EndProjectSection
EndProject
Project("{8BC9CEB8-8B4A-11D0-8D11-00A0C91BC942}") = "MainProject", "MainProject\MainProject.vcxproj", "{428C7707-B97C-4FDC-9890-01C362D2E2B0}"
	ProjectSection(ProjectDependencies) = postProject
		{7CF7142B-E17A-4FD8-886B-7BB4F02634E8} = {7CF7142B-E17A-4FD8-886B-7BB4F02634E8}
		{89FB2ECD-EC39-46A9-80DF-44650DB6A23F} = {89FB2ECD-EC39-46A9-80DF-44650DB6A23F}
	EndProjectSection
EndProject
Global
	GlobalSection(SolutionConfigurationPlatforms) = preSolution
		Debug|x64 = Debug|x64
		Debug|x86 = Debug|x86
		Release|x64 = Release|x64
		Release|x86 = Release|x86
	EndGlobalSection
	GlobalSection(ProjectConfigurationPlatforms) = postSolution
		{89FB2ECD-EC39-46A9-80DF-44650DB6A23F}.Debug|x64.ActiveCfg = Debug|x64
		{89FB2ECD-EC39-46A9-80DF-44650DB6A23F}.Debug|x64.Build.0 = Debug|x64
		{89FB2ECD-EC39-46A9-80DF-44650DB6A23F}.Debug|x86.ActiveCfg = Debug|Win32
		{89FB2ECD-EC39-46A9-80DF-44650DB6A23F}.Debug|x86.Build.0 = Debug|Win32
		{89FB2ECD-EC39-46A9-80DF-44650DB6A23F}.Release|x64.ActiveCfg = Release|x64
		{89FB2ECD-EC39-46A9-80DF-44650DB6A23F}.Release|x64.Build.0 = Release|x64
		{89FB2ECD-EC39-46A9-80DF-44650DB6A23F}.Release|x86.ActiveCfg = Release|Win32
		{89FB2ECD-EC39-46A9-80DF-44650DB6A23F}.Release|x86.Build.0 = Release|Win32
		{7CF7142B-E17A-4FD8-886B-7BB4F02634E8}.Debug|x64.ActiveCfg = Debug|x64
		{7CF7142B-E17A-4FD8-886B-7BB4F02634E8}.Debug|x64.Build.0 = Debug|x64
		{7CF7142B-E17A-4FD8-886B-7BB4F02634E8}.Debug|x86.ActiveCfg = Debug|Win32
		{7CF7142B-E17A-4FD8-886B-7BB4F02634E8}.Debug|x86.Build.0 = Debug|Win32
		{7CF7142B-E17A-4FD8-886B-7BB4F02634E8}.Release|x64.ActiveCfg = Release|x64
		{7CF7142B-E17A-4FD8-886B-7BB4F02634E8}.Release|x64.Build.0 = Release|x64
		{7CF7142B-E17A-4FD8-886B-7BB4F02634E8}.Release|x86.ActiveCfg = Release|Win32
		{7CF7142B-E17A-4FD8-886B-7BB4F02634E8}.Release|x86.Build.0 = Release|Win32
		{428C7707-B97C-4FDC-9890-01C362D2E2B0}.Debug|x64.ActiveCfg = Debug|x64
		{428C7707-B97C-4FDC-9890-01C362D2E2B0}.Debug|x64.Build.0 = Debug|x64
		{428C7707-B97C-4FDC-9890-01C362D2E2B0}.Debug|x86.ActiveCfg = Debug|Win32
		{428C7707-B97C-4FDC-9890-01C362D2E2B0}.Debug|x86.Build.0 = Debug|Win32
		{428C7707-B97C-4FDC-9890-01C362D2E2B0}.Release|x64.ActiveCfg = Release|x64
		{428C7707-B97C-4FDC-9890-01C362D2E2B0}.Release|x64.Build.0 = Release|x64
		{428C7707-B97C-4FDC-9890-01C362D2E2B0}.Release|x86.ActiveCfg = Release|Win32
		{428C7707-B97C-4FDC-9890-01C362D2E2B0}.Release|x86.Build.0 = Release|Win32
	EndGlobalSection
	GlobalSection(SolutionProperties) = preSolution
		HideSolutionNode = FALSE
	EndGlobalSection
	GlobalSection(ExtensibilityGlobals) = postSolution
		SolutionGuid = {7F1BB777-C635-4643-82AC-B6C7D9BF4C0A}
	EndGlobalSection
EndGlobal
