<?xml version="1.0" encoding="utf-8"?>
<Project ToolsVersion="4.0" xmlns="http://schemas.microsoft.com/developer/msbuild/2003">
  <ItemGroup>
    <Filter Include="Исходные файлы">
      <UniqueIdentifier>{4FC737F1-C7A5-4376-A066-2A32D752A2FF}</UniqueIdentifier>
      <Extensions>cpp;c;cc;cxx;c++;cppm;ixx;def;odl;idl;hpj;bat;asm;asmx</Extensions>
    </Filter>
    <Filter Include="Файлы заголовков">
      <UniqueIdentifier>{93995380-89BD-4b04-88EB-625FBE52EBFB}</UniqueIdentifier>
      <Extensions>h;hh;hpp;hxx;h++;hm;inl;inc;ipp;xsd</Extensions>
    </Filter>
  </ItemGroup>
  <ItemGroup>
    <ClInclude Include="Headers\ComplexMKL.h">
      <Filter>Файлы заголовков</Filter>
    </ClInclude>
    <ClInclude Include="Headers\CRSMatrix.h">
      <Filter>Файлы заголовков</Filter>
    </ClInclude>
    <ClInclude Include="Headers\DataType.h">
      <Filter>Файлы заголовков</Filter>
    </ClInclude>
    <ClInclude Include="Headers\MatrixAndVectorOperations.h">
      <Filter>Файлы заголовков</Filter>
    </ClInclude>
    <ClInclude Include="Headers\NeuralDensityOperators.h">
      <Filter>Файлы заголовков</Filter>
    </ClInclude>
    <ClInclude Include="Headers\RandomMatricesForRBM.h">
      <Filter>Файлы заголовков</Filter>
    </ClInclude>
    <ClInclude Include="Headers\TransitionMatrix.h">
      <Filter>Файлы заголовков</Filter>
    </ClInclude>
    <ClInclude Include="Headers\ModifiedRBM.h">
      <Filter>Файлы заголовков</Filter>
    </ClInclude>
  </ItemGroup>
  <ItemGroup>
    <ClCompile Include="Implementation\CRSMatrix.cpp">
      <Filter>Исходные файлы</Filter>
    </ClCompile>
    <ClCompile Include="Implementation\MatrixAndVectorOperations.cpp">
      <Filter>Исходные файлы</Filter>
    </ClCompile>
    <ClCompile Include="Implementation\NeuralDensityOperators.cpp">
      <Filter>Исходные файлы</Filter>
    </ClCompile>
    <ClCompile Include="Implementation\RandomMatricesForRBM.cpp">
      <Filter>Исходные файлы</Filter>
    </ClCompile>
    <ClCompile Include="Implementation\TransitionMatrix.cpp">
      <Filter>Исходные файлы</Filter>
    </ClCompile>
    <ClCompile Include="Implementation\ModifiedRBM.cpp">
      <Filter>Исходные файлы</Filter>
    </ClCompile>
  </ItemGroup>
</Project>